
Microsoft Visual Studio Solution File, Format Version 12.00
# Visual Studio 15
VisualStudioVersion = 15.0.27703.2018
MinimumVisualStudioVersion = 10.0.40219.1
Project("{FAE04EC0-301F-11D3-BF4B-00C04F79EFBC}") = "XamarinAssemble.Android", "XamarinAssemble\XamarinAssemble.Android\XamarinAssemble.Android.csproj", "{A6FB6F7C-0ADC-4708-A68B-C963ED697BDE}"
EndProject
Project("{FAE04EC0-301F-11D3-BF4B-00C04F79EFBC}") = "XamarinAssemble.iOS", "XamarinAssemble\XamarinAssemble.iOS\XamarinAssemble.iOS.csproj", "{AE838375-66DA-47C2-918F-15467096240D}"
EndProject
Project("{FAE04EC0-301F-11D3-BF4B-00C04F79EFBC}") = "XamarinAssemble", "XamarinAssemble\XamarinAssemble\XamarinAssemble.csproj", "{41F61456-0D43-4809-96D7-FFB3BC8B02FF}"
EndProject
Global
	GlobalSection(SolutionConfigurationPlatforms) = preSolution
		Ad-Hoc|Any CPU = Ad-Hoc|Any CPU
		Ad-Hoc|iPhone = Ad-Hoc|iPhone
		Ad-Hoc|iPhoneSimulator = Ad-Hoc|iPhoneSimulator
		AppStore|Any CPU = AppStore|Any CPU
		AppStore|iPhone = AppStore|iPhone
		AppStore|iPhoneSimulator = AppStore|iPhoneSimulator
		Debug|Any CPU = Debug|Any CPU
		Debug|iPhone = Debug|iPhone
		Debug|iPhoneSimulator = Debug|iPhoneSimulator
		Release|Any CPU = Release|Any CPU
		Release|iPhone = Release|iPhone
		Release|iPhoneSimulator = Release|iPhoneSimulator
	EndGlobalSection
	GlobalSection(ProjectConfigurationPlatforms) = postSolution
		{A6FB6F7C-0ADC-4708-A68B-C963ED697BDE}.Ad-Hoc|Any CPU.ActiveCfg = Release|Any CPU
		{A6FB6F7C-0ADC-4708-A68B-C963ED697BDE}.Ad-Hoc|Any CPU.Build.0 = Release|Any CPU
		{A6FB6F7C-0ADC-4708-A68B-C963ED697BDE}.Ad-Hoc|Any CPU.Deploy.0 = Release|Any CPU
		{A6FB6F7C-0ADC-4708-A68B-C963ED697BDE}.Ad-Hoc|iPhone.ActiveCfg = Release|Any CPU
		{A6FB6F7C-0ADC-4708-A68B-C963ED697BDE}.Ad-Hoc|iPhone.Build.0 = Release|Any CPU
		{A6FB6F7C-0ADC-4708-A68B-C963ED697BDE}.Ad-Hoc|iPhone.Deploy.0 = Release|Any CPU
		{A6FB6F7C-0ADC-4708-A68B-C963ED697BDE}.Ad-Hoc|iPhoneSimulator.ActiveCfg = Release|Any CPU
		{A6FB6F7C-0ADC-4708-A68B-C963ED697BDE}.Ad-Hoc|iPhoneSimulator.Build.0 = Release|Any CPU
		{A6FB6F7C-0ADC-4708-A68B-C963ED697BDE}.Ad-Hoc|iPhoneSimulator.Deploy.0 = Release|Any CPU
		{A6FB6F7C-0ADC-4708-A68B-C963ED697BDE}.AppStore|Any CPU.ActiveCfg = Release|Any CPU
		{A6FB6F7C-0ADC-4708-A68B-C963ED697BDE}.AppStore|Any CPU.Build.0 = Release|Any CPU
		{A6FB6F7C-0ADC-4708-A68B-C963ED697BDE}.AppStore|Any CPU.Deploy.0 = Release|Any CPU
		{A6FB6F7C-0ADC-4708-A68B-C963ED697BDE}.AppStore|iPhone.ActiveCfg = Release|Any CPU
		{A6FB6F7C-0ADC-4708-A68B-C963ED697BDE}.AppStore|iPhone.Build.0 = Release|Any CPU
		{A6FB6F7C-0ADC-4708-A68B-C963ED697BDE}.AppStore|iPhone.Deploy.0 = Release|Any CPU
		{A6FB6F7C-0ADC-4708-A68B-C963ED697BDE}.AppStore|iPhoneSimulator.ActiveCfg = Release|Any CPU
		{A6FB6F7C-0ADC-4708-A68B-C963ED697BDE}.AppStore|iPhoneSimulator.Build.0 = Release|Any CPU
		{A6FB6F7C-0ADC-4708-A68B-C963ED697BDE}.AppStore|iPhoneSimulator.Deploy.0 = Release|Any CPU
		{A6FB6F7C-0ADC-4708-A68B-C963ED697BDE}.Debug|Any CPU.ActiveCfg = Debug|Any CPU
		{A6FB6F7C-0ADC-4708-A68B-C963ED697BDE}.Debug|Any CPU.Build.0 = Debug|Any CPU
		{A6FB6F7C-0ADC-4708-A68B-C963ED697BDE}.Debug|Any CPU.Deploy.0 = Debug|Any CPU
		{A6FB6F7C-0ADC-4708-A68B-C963ED697BDE}.Debug|iPhone.ActiveCfg = Debug|Any CPU
		{A6FB6F7C-0ADC-4708-A68B-C963ED697BDE}.Debug|iPhone.Build.0 = Debug|Any CPU
		{A6FB6F7C-0ADC-4708-A68B-C963ED697BDE}.Debug|iPhone.Deploy.0 = Debug|Any CPU
		{A6FB6F7C-0ADC-4708-A68B-C963ED697BDE}.Debug|iPhoneSimulator.ActiveCfg = Debug|Any CPU
		{A6FB6F7C-0ADC-4708-A68B-C963ED697BDE}.Debug|iPhoneSimulator.Build.0 = Debug|Any CPU
		{A6FB6F7C-0ADC-4708-A68B-C963ED697BDE}.Debug|iPhoneSimulator.Deploy.0 = Debug|Any CPU
		{A6FB6F7C-0ADC-4708-A68B-C963ED697BDE}.Release|Any CPU.ActiveCfg = Release|Any CPU
		{A6FB6F7C-0ADC-4708-A68B-C963ED697BDE}.Release|Any CPU.Build.0 = Release|Any CPU
		{A6FB6F7C-0ADC-4708-A68B-C963ED697BDE}.Release|Any CPU.Deploy.0 = Release|Any CPU
		{A6FB6F7C-0ADC-4708-A68B-C963ED697BDE}.Release|iPhone.ActiveCfg = Release|Any CPU
		{A6FB6F7C-0ADC-4708-A68B-C963ED697BDE}.Release|iPhone.Build.0 = Release|Any CPU
		{A6FB6F7C-0ADC-4708-A68B-C963ED697BDE}.Release|iPhone.Deploy.0 = Release|Any CPU
		{A6FB6F7C-0ADC-4708-A68B-C963ED697BDE}.Release|iPhoneSimulator.ActiveCfg = Release|Any CPU
		{A6FB6F7C-0ADC-4708-A68B-C963ED697BDE}.Release|iPhoneSimulator.Build.0 = Release|Any CPU
		{A6FB6F7C-0ADC-4708-A68B-C963ED697BDE}.Release|iPhoneSimulator.Deploy.0 = Release|Any CPU
		{AE838375-66DA-47C2-918F-15467096240D}.Ad-Hoc|Any CPU.ActiveCfg = Ad-Hoc|iPhone
		{AE838375-66DA-47C2-918F-15467096240D}.Ad-Hoc|Any CPU.Build.0 = Ad-Hoc|iPhone
		{AE838375-66DA-47C2-918F-15467096240D}.Ad-Hoc|Any CPU.Deploy.0 = Ad-Hoc|iPhone
		{AE838375-66DA-47C2-918F-15467096240D}.Ad-Hoc|iPhone.ActiveCfg = Ad-Hoc|iPhone
		{AE838375-66DA-47C2-918F-15467096240D}.Ad-Hoc|iPhone.Build.0 = Ad-Hoc|iPhone
		{AE838375-66DA-47C2-918F-15467096240D}.Ad-Hoc|iPhone.Deploy.0 = Ad-Hoc|iPhone
		{AE838375-66DA-47C2-918F-15467096240D}.Ad-Hoc|iPhoneSimulator.ActiveCfg = Ad-Hoc|iPhoneSimulator
		{AE838375-66DA-47C2-918F-15467096240D}.Ad-Hoc|iPhoneSimulator.Build.0 = Ad-Hoc|iPhoneSimulator
		{AE838375-66DA-47C2-918F-15467096240D}.Ad-Hoc|iPhoneSimulator.Deploy.0 = Ad-Hoc|iPhoneSimulator
		{AE838375-66DA-47C2-918F-15467096240D}.AppStore|Any CPU.ActiveCfg = AppStore|iPhone
		{AE838375-66DA-47C2-918F-15467096240D}.AppStore|Any CPU.Build.0 = AppStore|iPhone
		{AE838375-66DA-47C2-918F-15467096240D}.AppStore|Any CPU.Deploy.0 = AppStore|iPhone
		{AE838375-66DA-47C2-918F-15467096240D}.AppStore|iPhone.ActiveCfg = AppStore|iPhone
		{AE838375-66DA-47C2-918F-15467096240D}.AppStore|iPhone.Build.0 = AppStore|iPhone
		{AE838375-66DA-47C2-918F-15467096240D}.AppStore|iPhone.Deploy.0 = AppStore|iPhone
		{AE838375-66DA-47C2-918F-15467096240D}.AppStore|iPhoneSimulator.ActiveCfg = AppStore|iPhoneSimulator
		{AE838375-66DA-47C2-918F-15467096240D}.AppStore|iPhoneSimulator.Build.0 = AppStore|iPhoneSimulator
		{AE838375-66DA-47C2-918F-15467096240D}.AppStore|iPhoneSimulator.Deploy.0 = AppStore|iPhoneSimulator
		{AE838375-66DA-47C2-918F-15467096240D}.Debug|Any CPU.ActiveCfg = Debug|iPhoneSimulator
		{AE838375-66DA-47C2-918F-15467096240D}.Debug|Any CPU.Build.0 = Debug|iPhoneSimulator
		{AE838375-66DA-47C2-918F-15467096240D}.Debug|Any CPU.Deploy.0 = Debug|iPhoneSimulator
		{AE838375-66DA-47C2-918F-15467096240D}.Debug|iPhone.ActiveCfg = Debug|iPhone
		{AE838375-66DA-47C2-918F-15467096240D}.Debug|iPhone.Build.0 = Debug|iPhone
		{AE838375-66DA-47C2-918F-15467096240D}.Debug|iPhone.Deploy.0 = Debug|iPhone
		{AE838375-66DA-47C2-918F-15467096240D}.Debug|iPhoneSimulator.ActiveCfg = Debug|iPhoneSimulator
		{AE838375-66DA-47C2-918F-15467096240D}.Debug|iPhoneSimulator.Build.0 = Debug|iPhoneSimulator
		{AE838375-66DA-47C2-918F-15467096240D}.Debug|iPhoneSimulator.Deploy.0 = Debug|iPhoneSimulator
		{AE838375-66DA-47C2-918F-15467096240D}.Release|Any CPU.ActiveCfg = Release|iPhone
		{AE838375-66DA-47C2-918F-15467096240D}.Release|Any CPU.Build.0 = Release|iPhone
		{AE838375-66DA-47C2-918F-15467096240D}.Release|Any CPU.Deploy.0 = Release|iPhone
		{AE838375-66DA-47C2-918F-15467096240D}.Release|iPhone.ActiveCfg = Release|iPhone
		{AE838375-66DA-47C2-918F-15467096240D}.Release|iPhone.Build.0 = Release|iPhone
		{AE838375-66DA-47C2-918F-15467096240D}.Release|iPhone.Deploy.0 = Release|iPhone
		{AE838375-66DA-47C2-918F-15467096240D}.Release|iPhoneSimulator.ActiveCfg = Release|iPhoneSimulator
		{AE838375-66DA-47C2-918F-15467096240D}.Release|iPhoneSimulator.Build.0 = Release|iPhoneSimulator
		{AE838375-66DA-47C2-918F-15467096240D}.Release|iPhoneSimulator.Deploy.0 = Release|iPhoneSimulator
		{41F61456-0D43-4809-96D7-FFB3BC8B02FF}.Ad-Hoc|Any CPU.ActiveCfg = Debug|Any CPU
		{41F61456-0D43-4809-96D7-FFB3BC8B02FF}.Ad-Hoc|Any CPU.Build.0 = Debug|Any CPU
		{41F61456-0D43-4809-96D7-FFB3BC8B02FF}.Ad-Hoc|Any CPU.Deploy.0 = Debug|Any CPU
		{41F61456-0D43-4809-96D7-FFB3BC8B02FF}.Ad-Hoc|iPhone.ActiveCfg = Debug|Any CPU
		{41F61456-0D43-4809-96D7-FFB3BC8B02FF}.Ad-Hoc|iPhone.Build.0 = Debug|Any CPU
		{41F61456-0D43-4809-96D7-FFB3BC8B02FF}.Ad-Hoc|iPhone.Deploy.0 = Debug|Any CPU
		{41F61456-0D43-4809-96D7-FFB3BC8B02FF}.Ad-Hoc|iPhoneSimulator.ActiveCfg = Debug|Any CPU
		{41F61456-0D43-4809-96D7-FFB3BC8B02FF}.Ad-Hoc|iPhoneSimulator.Build.0 = Debug|Any CPU
		{41F61456-0D43-4809-96D7-FFB3BC8B02FF}.Ad-Hoc|iPhoneSimulator.Deploy.0 = Debug|Any CPU
		{41F61456-0D43-4809-96D7-FFB3BC8B02FF}.AppStore|Any CPU.ActiveCfg = Debug|Any CPU
		{41F61456-0D43-4809-96D7-FFB3BC8B02FF}.AppStore|Any CPU.Build.0 = Debug|Any CPU
		{41F61456-0D43-4809-96D7-FFB3BC8B02FF}.AppStore|Any CPU.Deploy.0 = Debug|Any CPU
		{41F61456-0D43-4809-96D7-FFB3BC8B02FF}.AppStore|iPhone.ActiveCfg = Debug|Any CPU
		{41F61456-0D43-4809-96D7-FFB3BC8B02FF}.AppStore|iPhone.Build.0 = Debug|Any CPU
		{41F61456-0D43-4809-96D7-FFB3BC8B02FF}.AppStore|iPhone.Deploy.0 = Debug|Any CPU
		{41F61456-0D43-4809-96D7-FFB3BC8B02FF}.AppStore|iPhoneSimulator.ActiveCfg = Debug|Any CPU
		{41F61456-0D43-4809-96D7-FFB3BC8B02FF}.AppStore|iPhoneSimulator.Build.0 = Debug|Any CPU
		{41F61456-0D43-4809-96D7-FFB3BC8B02FF}.AppStore|iPhoneSimulator.Deploy.0 = Debug|Any CPU
		{41F61456-0D43-4809-96D7-FFB3BC8B02FF}.Debug|Any CPU.ActiveCfg = Debug|Any CPU
		{41F61456-0D43-4809-96D7-FFB3BC8B02FF}.Debug|Any CPU.Build.0 = Debug|Any CPU
		{41F61456-0D43-4809-96D7-FFB3BC8B02FF}.Debug|Any CPU.Deploy.0 = Debug|Any CPU
		{41F61456-0D43-4809-96D7-FFB3BC8B02FF}.Debug|iPhone.ActiveCfg = Debug|Any CPU
		{41F61456-0D43-4809-96D7-FFB3BC8B02FF}.Debug|iPhone.Build.0 = Debug|Any CPU
		{41F61456-0D43-4809-96D7-FFB3BC8B02FF}.Debug|iPhone.Deploy.0 = Debug|Any CPU
		{41F61456-0D43-4809-96D7-FFB3BC8B02FF}.Debug|iPhoneSimulator.ActiveCfg = Debug|Any CPU
		{41F61456-0D43-4809-96D7-FFB3BC8B02FF}.Debug|iPhoneSimulator.Build.0 = Debug|Any CPU
		{41F61456-0D43-4809-96D7-FFB3BC8B02FF}.Debug|iPhoneSimulator.Deploy.0 = Debug|Any CPU
		{41F61456-0D43-4809-96D7-FFB3BC8B02FF}.Release|Any CPU.ActiveCfg = Release|Any CPU
		{41F61456-0D43-4809-96D7-FFB3BC8B02FF}.Release|Any CPU.Build.0 = Release|Any CPU
		{41F61456-0D43-4809-96D7-FFB3BC8B02FF}.Release|Any CPU.Deploy.0 = Release|Any CPU
		{41F61456-0D43-4809-96D7-FFB3BC8B02FF}.Release|iPhone.ActiveCfg = Release|Any CPU
		{41F61456-0D43-4809-96D7-FFB3BC8B02FF}.Release|iPhone.Build.0 = Release|Any CPU
		{41F61456-0D43-4809-96D7-FFB3BC8B02FF}.Release|iPhone.Deploy.0 = Release|Any CPU
		{41F61456-0D43-4809-96D7-FFB3BC8B02FF}.Release|iPhoneSimulator.ActiveCfg = Release|Any CPU
		{41F61456-0D43-4809-96D7-FFB3BC8B02FF}.Release|iPhoneSimulator.Build.0 = Release|Any CPU
		{41F61456-0D43-4809-96D7-FFB3BC8B02FF}.Release|iPhoneSimulator.Deploy.0 = Release|Any CPU
	EndGlobalSection
	GlobalSection(SolutionProperties) = preSolution
		HideSolutionNode = FALSE
	EndGlobalSection
	GlobalSection(ExtensibilityGlobals) = postSolution
		SolutionGuid = {52197321-7ACB-46F7-BB0C-D8CC247BE6FC}
	EndGlobalSection
EndGlobal
